
Microsoft Visual Studio Solution File, Format Version 12.00
# Visual Studio Version 17
VisualStudioVersion = 17.0.31903.59
MinimumVisualStudioVersion = 10.0.40219.1
Project("{2150E333-8FDC-42A3-9474-1A3956D46DE8}") = "Client", "Client", "{021FAF26-1E9F-4508-831D-FA412D7BE19B}"
EndProject
Project("{2150E333-8FDC-42A3-9474-1A3956D46DE8}") = "Server", "Server", "{841B24D2-4005-4E50-B2E5-2FD7832689C3}"
EndProject
Project("{FAE04EC0-301F-11D3-BF4B-00C04F79EFBC}") = "PostMainland.Shares", "Client\PostMainland.Shares.csproj", "{DE426CF9-D0A1-B1AC-7D36-5048BD5E345A}"
EndProject
Project("{FAE04EC0-301F-11D3-BF4B-00C04F79EFBC}") = "Main", "Client\Main.csproj", "{5C938B51-9998-084C-9052-A3B1BD9C75CF}"
EndProject
Project("{FAE04EC0-301F-11D3-BF4B-00C04F79EFBC}") = "Hotfix", "Client\Hotfix.csproj", "{0AB7A278-A947-91BB-AB19-B39D3585D2C9}"
EndProject
Project("{FAE04EC0-301F-11D3-BF4B-00C04F79EFBC}") = "Assembly-CSharp-Editor", "Client\Assembly-CSharp-Editor.csproj", "{5544F79C-5306-909F-C855-53D6959D5DFD}"
EndProject
Project("{FAE04EC0-301F-11D3-BF4B-00C04F79EFBC}") = "Nino.Shared", "Client\Nino.Shared.csproj", "{E9FBFB13-BD48-F7B0-4081-CDE71B80BD34}"
EndProject
Project("{2150E333-8FDC-42A3-9474-1A3956D46DE8}") = "Protocal", "Protocal", "{C003DD5A-1AC2-4044-81B3-2A8ADA8515EC}"
EndProject
Project("{9A19103F-16F7-4668-BE54-9A1E7A4F7556}") = "Common", "Protocal\Common\Common.csproj", "{79294B95-48F5-4B60-A594-63A53237CA34}"
EndProject
Project("{9A19103F-16F7-4668-BE54-9A1E7A4F7556}") = "CSProtocals", "Protocal\CSProtocals\CSProtocals.csproj", "{A90D81B2-157E-4B92-9EB3-30E4FF0008FB}"
EndProject
Project("{9A19103F-16F7-4668-BE54-9A1E7A4F7556}") = "SSProtocals", "Protocal\SSProtocals\SSProtocals.csproj", "{B50A3FFA-636D-4162-8BCB-37B33541E478}"
EndProject
Project("{9A19103F-16F7-4668-BE54-9A1E7A4F7556}") = "GameServer", "Server\GameServer\GameServer.csproj", "{E5C5D89F-62CD-4BE4-B894-3CA15F3B7CD5}"
EndProject
Project("{FAE04EC0-301F-11D3-BF4B-00C04F79EFBC}") = "ServerStartUp", "Server\ServerStartUp\ServerStartUp.csproj", "{844B5DF4-5F09-4E10-AA36-81B734B0901A}"
	ProjectSection(ProjectDependencies) = postProject
		{E5C5D89F-62CD-4BE4-B894-3CA15F3B7CD5} = {E5C5D89F-62CD-4BE4-B894-3CA15F3B7CD5}
	EndProjectSection
EndProject
Global
	GlobalSection(SolutionConfigurationPlatforms) = preSolution
		Debug|Any CPU = Debug|Any CPU
		Release|Any CPU = Release|Any CPU
	EndGlobalSection
	GlobalSection(ProjectConfigurationPlatforms) = postSolution
		{DE426CF9-D0A1-B1AC-7D36-5048BD5E345A}.Debug|Any CPU.ActiveCfg = Debug|Any CPU
		{DE426CF9-D0A1-B1AC-7D36-5048BD5E345A}.Debug|Any CPU.Build.0 = Debug|Any CPU
		{DE426CF9-D0A1-B1AC-7D36-5048BD5E345A}.Release|Any CPU.ActiveCfg = Release|Any CPU
		{DE426CF9-D0A1-B1AC-7D36-5048BD5E345A}.Release|Any CPU.Build.0 = Release|Any CPU
		{5C938B51-9998-084C-9052-A3B1BD9C75CF}.Debug|Any CPU.ActiveCfg = Debug|Any CPU
		{5C938B51-9998-084C-9052-A3B1BD9C75CF}.Debug|Any CPU.Build.0 = Debug|Any CPU
		{5C938B51-9998-084C-9052-A3B1BD9C75CF}.Release|Any CPU.ActiveCfg = Release|Any CPU
		{5C938B51-9998-084C-9052-A3B1BD9C75CF}.Release|Any CPU.Build.0 = Release|Any CPU
		{0AB7A278-A947-91BB-AB19-B39D3585D2C9}.Debug|Any CPU.ActiveCfg = Debug|Any CPU
		{0AB7A278-A947-91BB-AB19-B39D3585D2C9}.Debug|Any CPU.Build.0 = Debug|Any CPU
		{0AB7A278-A947-91BB-AB19-B39D3585D2C9}.Release|Any CPU.ActiveCfg = Release|Any CPU
		{0AB7A278-A947-91BB-AB19-B39D3585D2C9}.Release|Any CPU.Build.0 = Release|Any CPU
		{5544F79C-5306-909F-C855-53D6959D5DFD}.Debug|Any CPU.ActiveCfg = Debug|Any CPU
		{5544F79C-5306-909F-C855-53D6959D5DFD}.Debug|Any CPU.Build.0 = Debug|Any CPU
		{5544F79C-5306-909F-C855-53D6959D5DFD}.Release|Any CPU.ActiveCfg = Release|Any CPU
		{5544F79C-5306-909F-C855-53D6959D5DFD}.Release|Any CPU.Build.0 = Release|Any CPU
		{E9FBFB13-BD48-F7B0-4081-CDE71B80BD34}.Debug|Any CPU.ActiveCfg = Debug|Any CPU
		{E9FBFB13-BD48-F7B0-4081-CDE71B80BD34}.Debug|Any CPU.Build.0 = Debug|Any CPU
		{E9FBFB13-BD48-F7B0-4081-CDE71B80BD34}.Release|Any CPU.ActiveCfg = Release|Any CPU
		{E9FBFB13-BD48-F7B0-4081-CDE71B80BD34}.Release|Any CPU.Build.0 = Release|Any CPU
		{79294B95-48F5-4B60-A594-63A53237CA34}.Debug|Any CPU.ActiveCfg = Debug|Any CPU
		{79294B95-48F5-4B60-A594-63A53237CA34}.Debug|Any CPU.Build.0 = Debug|Any CPU
		{79294B95-48F5-4B60-A594-63A53237CA34}.Release|Any CPU.ActiveCfg = Release|Any CPU
		{79294B95-48F5-4B60-A594-63A53237CA34}.Release|Any CPU.Build.0 = Release|Any CPU
		{A90D81B2-157E-4B92-9EB3-30E4FF0008FB}.Debug|Any CPU.ActiveCfg = Debug|Any CPU
		{A90D81B2-157E-4B92-9EB3-30E4FF0008FB}.Debug|Any CPU.Build.0 = Debug|Any CPU
		{A90D81B2-157E-4B92-9EB3-30E4FF0008FB}.Release|Any CPU.ActiveCfg = Release|Any CPU
		{A90D81B2-157E-4B92-9EB3-30E4FF0008FB}.Release|Any CPU.Build.0 = Release|Any CPU
		{B50A3FFA-636D-4162-8BCB-37B33541E478}.Debug|Any CPU.ActiveCfg = Debug|Any CPU
		{B50A3FFA-636D-4162-8BCB-37B33541E478}.Debug|Any CPU.Build.0 = Debug|Any CPU
		{B50A3FFA-636D-4162-8BCB-37B33541E478}.Release|Any CPU.ActiveCfg = Release|Any CPU
		{B50A3FFA-636D-4162-8BCB-37B33541E478}.Release|Any CPU.Build.0 = Release|Any CPU
		{E5C5D89F-62CD-4BE4-B894-3CA15F3B7CD5}.Debug|Any CPU.ActiveCfg = Debug|Any CPU
		{E5C5D89F-62CD-4BE4-B894-3CA15F3B7CD5}.Debug|Any CPU.Build.0 = Debug|Any CPU
		{E5C5D89F-62CD-4BE4-B894-3CA15F3B7CD5}.Release|Any CPU.ActiveCfg = Release|Any CPU
		{E5C5D89F-62CD-4BE4-B894-3CA15F3B7CD5}.Release|Any CPU.Build.0 = Release|Any CPU
		{844B5DF4-5F09-4E10-AA36-81B734B0901A}.Debug|Any CPU.ActiveCfg = Debug|Any CPU
		{844B5DF4-5F09-4E10-AA36-81B734B0901A}.Debug|Any CPU.Build.0 = Debug|Any CPU
		{844B5DF4-5F09-4E10-AA36-81B734B0901A}.Release|Any CPU.ActiveCfg = Release|Any CPU
		{844B5DF4-5F09-4E10-AA36-81B734B0901A}.Release|Any CPU.Build.0 = Release|Any CPU
	EndGlobalSection
	GlobalSection(SolutionProperties) = preSolution
		HideSolutionNode = FALSE
	EndGlobalSection
	GlobalSection(NestedProjects) = preSolution
		{DE426CF9-D0A1-B1AC-7D36-5048BD5E345A} = {021FAF26-1E9F-4508-831D-FA412D7BE19B}
		{5C938B51-9998-084C-9052-A3B1BD9C75CF} = {021FAF26-1E9F-4508-831D-FA412D7BE19B}
		{0AB7A278-A947-91BB-AB19-B39D3585D2C9} = {021FAF26-1E9F-4508-831D-FA412D7BE19B}
		{5544F79C-5306-909F-C855-53D6959D5DFD} = {021FAF26-1E9F-4508-831D-FA412D7BE19B}
		{E9FBFB13-BD48-F7B0-4081-CDE71B80BD34} = {021FAF26-1E9F-4508-831D-FA412D7BE19B}
		{79294B95-48F5-4B60-A594-63A53237CA34} = {C003DD5A-1AC2-4044-81B3-2A8ADA8515EC}
		{A90D81B2-157E-4B92-9EB3-30E4FF0008FB} = {C003DD5A-1AC2-4044-81B3-2A8ADA8515EC}
		{B50A3FFA-636D-4162-8BCB-37B33541E478} = {C003DD5A-1AC2-4044-81B3-2A8ADA8515EC}
		{E5C5D89F-62CD-4BE4-B894-3CA15F3B7CD5} = {841B24D2-4005-4E50-B2E5-2FD7832689C3}
		{844B5DF4-5F09-4E10-AA36-81B734B0901A} = {841B24D2-4005-4E50-B2E5-2FD7832689C3}
	EndGlobalSection
	GlobalSection(ExtensibilityGlobals) = postSolution
		SolutionGuid = {AE5B3438-7947-4C16-9D0F-39B2CE8F0E8E}
	EndGlobalSection
EndGlobal
